// !$*UTF8*$!
{
	archiveVersion = 1;
	classes = {
	};
	objectVersion = 50;
	objects = {

/* Begin PBXBuildFile section */
		9DBEED9720EC74F800435B9A /* AppDelegate.m in Sources */ = {isa = PBXBuildFile; fileRef = 9DBEED9620EC74F800435B9A /* AppDelegate.m */; };
		9DBEED9D20EC74F900435B9A /* Main.storyboard in Resources */ = {isa = PBXBuildFile; fileRef = 9DBEED9B20EC74F900435B9A /* Main.storyboard */; };
		9DBEED9F20EC74FA00435B9A /* Assets.xcassets in Resources */ = {isa = PBXBuildFile; fileRef = 9DBEED9E20EC74FA00435B9A /* Assets.xcassets */; };
		9DBEEDA220EC74FA00435B9A /* LaunchScreen.storyboard in Resources */ = {isa = PBXBuildFile; fileRef = 9DBEEDA020EC74FA00435B9A /* LaunchScreen.storyboard */; };
		9DBEEDA520EC74FA00435B9A /* main.m in Sources */ = {isa = PBXBuildFile; fileRef = 9DBEEDA420EC74FA00435B9A /* main.m */; };
		9DBEEDAD20EC80A700435B9A /* HomeViewController.m in Sources */ = {isa = PBXBuildFile; fileRef = 9DBEEDAC20EC80A700435B9A /* HomeViewController.m */; };
		9DBEEDB620ECC03300435B9A /* CollectionViewCell.m in Sources */ = {isa = PBXBuildFile; fileRef = 9DBEEDB520ECC03300435B9A /* CollectionViewCell.m */; };
		D7802A17CAF05EF9B5BAEAF7 /* libPods-OurFamily.a in Frameworks */ = {isa = PBXBuildFile; fileRef = 4FAAB37433ECDA4121BB303A /* libPods-OurFamily.a */; };
/* End PBXBuildFile section */

/* Begin PBXFileReference section */
		4FAAB37433ECDA4121BB303A /* libPods-OurFamily.a */ = {isa = PBXFileReference; explicitFileType = archive.ar; includeInIndex = 0; path = "libPods-OurFamily.a"; sourceTree = BUILT_PRODUCTS_DIR; };
		87AB4C81FFDF95B3C6366698 /* Pods-OurFamily.debug.xcconfig */ = {isa = PBXFileReference; includeInIndex = 1; lastKnownFileType = text.xcconfig; name = "Pods-OurFamily.debug.xcconfig"; path = "Pods/Target Support Files/Pods-OurFamily/Pods-OurFamily.debug.xcconfig"; sourceTree = "<group>"; };
		9DBEED9220EC74F800435B9A /* OurFamily.app */ = {isa = PBXFileReference; explicitFileType = wrapper.application; includeInIndex = 0; path = OurFamily.app; sourceTree = BUILT_PRODUCTS_DIR; };
		9DBEED9520EC74F800435B9A /* AppDelegate.h */ = {isa = PBXFileReference; lastKnownFileType = sourcecode.c.h; path = AppDelegate.h; sourceTree = "<group>"; };
		9DBEED9620EC74F800435B9A /* AppDelegate.m */ = {isa = PBXFileReference; lastKnownFileType = sourcecode.c.objc; path = AppDelegate.m; sourceTree = "<group>"; };
		9DBEED9C20EC74F900435B9A /* Base */ = {isa = PBXFileReference; lastKnownFileType = file.storyboard; name = Base; path = Base.lproj/Main.storyboard; sourceTree = "<group>"; };
		9DBEED9E20EC74FA00435B9A /* Assets.xcassets */ = {isa = PBXFileReference; lastKnownFileType = folder.assetcatalog; path = Assets.xcassets; sourceTree = "<group>"; };
		9DBEEDA120EC74FA00435B9A /* Base */ = {isa = PBXFileReference; lastKnownFileType = file.storyboard; name = Base; path = Base.lproj/LaunchScreen.storyboard; sourceTree = "<group>"; };
		9DBEEDA320EC74FA00435B9A /* Info.plist */ = {isa = PBXFileReference; lastKnownFileType = text.plist.xml; path = Info.plist; sourceTree = "<group>"; };
		9DBEEDA420EC74FA00435B9A /* main.m */ = {isa = PBXFileReference; lastKnownFileType = sourcecode.c.objc; path = main.m; sourceTree = "<group>"; };
		9DBEEDAB20EC80A700435B9A /* HomeViewController.h */ = {isa = PBXFileReference; lastKnownFileType = sourcecode.c.h; path = HomeViewController.h; sourceTree = "<group>"; };
		9DBEEDAC20EC80A700435B9A /* HomeViewController.m */ = {isa = PBXFileReference; lastKnownFileType = sourcecode.c.objc; path = HomeViewController.m; sourceTree = "<group>"; };
		9DBEEDAE20ECBB4E00435B9A /* PublicDefine.h */ = {isa = PBXFileReference; fileEncoding = 4; lastKnownFileType = sourcecode.c.h; path = PublicDefine.h; sourceTree = "<group>"; };
		9DBEEDAF20ECBCA500435B9A /* PrefixHeader.pch */ = {isa = PBXFileReference; lastKnownFileType = sourcecode.c.h; path = PrefixHeader.pch; sourceTree = "<group>"; };
		9DBEEDB420ECC03300435B9A /* CollectionViewCell.h */ = {isa = PBXFileReference; lastKnownFileType = sourcecode.c.h; path = CollectionViewCell.h; sourceTree = "<group>"; };
		9DBEEDB520ECC03300435B9A /* CollectionViewCell.m */ = {isa = PBXFileReference; lastKnownFileType = sourcecode.c.objc; path = CollectionViewCell.m; sourceTree = "<group>"; };
		E1C5763F8833FCB3CA3A09DA /* Pods-OurFamily.release.xcconfig */ = {isa = PBXFileReference; includeInIndex = 1; lastKnownFileType = text.xcconfig; name = "Pods-OurFamily.release.xcconfig"; path = "Pods/Target Support Files/Pods-OurFamily/Pods-OurFamily.release.xcconfig"; sourceTree = "<group>"; };
/* End PBXFileReference section */

/* Begin PBXFrameworksBuildPhase section */
		9DBEED8F20EC74F800435B9A /* Frameworks */ = {
			isa = PBXFrameworksBuildPhase;
			buildActionMask = 2147483647;
			files = (
				D7802A17CAF05EF9B5BAEAF7 /* libPods-OurFamily.a in Frameworks */,
			);
			runOnlyForDeploymentPostprocessing = 0;
		};
/* End PBXFrameworksBuildPhase section */

/* Begin PBXGroup section */
		0CC3DE0EE366572E26D88559 /* Pods */ = {
			isa = PBXGroup;
			children = (
				87AB4C81FFDF95B3C6366698 /* Pods-OurFamily.debug.xcconfig */,
				E1C5763F8833FCB3CA3A09DA /* Pods-OurFamily.release.xcconfig */,
			);
			name = Pods;
			sourceTree = "<group>";
		};
		10324D8448E9F5FEE6773DDB /* Frameworks */ = {
			isa = PBXGroup;
			children = (
				4FAAB37433ECDA4121BB303A /* libPods-OurFamily.a */,
			);
			name = Frameworks;
			sourceTree = "<group>";
		};
		9DBEED8920EC74F800435B9A = {
			isa = PBXGroup;
			children = (
				9DBEED9420EC74F800435B9A /* OurFamily */,
				9DBEED9320EC74F800435B9A /* Products */,
				0CC3DE0EE366572E26D88559 /* Pods */,
				10324D8448E9F5FEE6773DDB /* Frameworks */,
			);
			sourceTree = "<group>";
		};
		9DBEED9320EC74F800435B9A /* Products */ = {
			isa = PBXGroup;
			children = (
				9DBEED9220EC74F800435B9A /* OurFamily.app */,
			);
			name = Products;
			sourceTree = "<group>";
		};
		9DBEED9420EC74F800435B9A /* OurFamily */ = {
			isa = PBXGroup;
			children = (
				9DBEEDB320ECBFDB00435B9A /* Config */,
				9DBEEDB220ECBFB400435B9A /* Model */,
				9DBEEDB120ECBF9900435B9A /* View */,
				9DBEEDB020ECBF7100435B9A /* Controller */,
				9DBEEDAB20EC80A700435B9A /* HomeViewController.h */,
				9DBEEDAC20EC80A700435B9A /* HomeViewController.m */,
				9DBEED9520EC74F800435B9A /* AppDelegate.h */,
				9DBEED9620EC74F800435B9A /* AppDelegate.m */,
				9DBEED9B20EC74F900435B9A /* Main.storyboard */,
				9DBEED9E20EC74FA00435B9A /* Assets.xcassets */,
				9DBEEDA020EC74FA00435B9A /* LaunchScreen.storyboard */,
				9DBEEDA320EC74FA00435B9A /* Info.plist */,
				9DBEEDA420EC74FA00435B9A /* main.m */,
			);
			path = OurFamily;
			sourceTree = "<group>";
		};
		9DBEEDB020ECBF7100435B9A /* Controller */ = {
			isa = PBXGroup;
			children = (
			);
			path = Controller;
			sourceTree = "<group>";
		};
		9DBEEDB120ECBF9900435B9A /* View */ = {
			isa = PBXGroup;
			children = (
				9DBEEDB420ECC03300435B9A /* CollectionViewCell.h */,
				9DBEEDB520ECC03300435B9A /* CollectionViewCell.m */,
			);
			path = View;
			sourceTree = "<group>";
		};
		9DBEEDB220ECBFB400435B9A /* Model */ = {
			isa = PBXGroup;
			children = (
			);
			path = Model;
			sourceTree = "<group>";
		};
		9DBEEDB320ECBFDB00435B9A /* Config */ = {
			isa = PBXGroup;
			children = (
				9DBEEDAF20ECBCA500435B9A /* PrefixHeader.pch */,
				9DBEEDAE20ECBB4E00435B9A /* PublicDefine.h */,
			);
			path = Config;
			sourceTree = "<group>";
		};
/* End PBXGroup section */

/* Begin PBXNativeTarget section */
		9DBEED9120EC74F800435B9A /* OurFamily */ = {
			isa = PBXNativeTarget;
			buildConfigurationList = 9DBEEDA820EC74FA00435B9A /* Build configuration list for PBXNativeTarget "OurFamily" */;
			buildPhases = (
				75514EEE849A95FC21B90BE3 /* [CP] Check Pods Manifest.lock */,
				9DBEED8E20EC74F800435B9A /* Sources */,
				9DBEED8F20EC74F800435B9A /* Frameworks */,
				9DBEED9020EC74F800435B9A /* Resources */,
			);
			buildRules = (
			);
			dependencies = (
			);
			name = OurFamily;
			productName = OurFamily;
			productReference = 9DBEED9220EC74F800435B9A /* OurFamily.app */;
			productType = "com.apple.product-type.application";
		};
/* End PBXNativeTarget section */

/* Begin PBXProject section */
		9DBEED8A20EC74F800435B9A /* Project object */ = {
			isa = PBXProject;
			attributes = {
				LastUpgradeCheck = 0940;
				ORGANIZATIONNAME = WingMarch;
				TargetAttributes = {
					9DBEED9120EC74F800435B9A = {
						CreatedOnToolsVersion = 9.4.1;
					};
				};
			};
			buildConfigurationList = 9DBEED8D20EC74F800435B9A /* Build configuration list for PBXProject "OurFamily" */;
			compatibilityVersion = "Xcode 9.3";
			developmentRegion = en;
			hasScannedForEncodings = 0;
			knownRegions = (
				en,
				Base,
			);
			mainGroup = 9DBEED8920EC74F800435B9A;
			productRefGroup = 9DBEED9320EC74F800435B9A /* Products */;
			projectDirPath = "";
			projectRoot = "";
			targets = (
				9DBEED9120EC74F800435B9A /* OurFamily */,
			);
		};
/* End PBXProject section */

/* Begin PBXResourcesBuildPhase section */
		9DBEED9020EC74F800435B9A /* Resources */ = {
			isa = PBXResourcesBuildPhase;
			buildActionMask = 2147483647;
			files = (
				9DBEEDA220EC74FA00435B9A /* LaunchScreen.storyboard in Resources */,
				9DBEED9F20EC74FA00435B9A /* Assets.xcassets in Resources */,
				9DBEED9D20EC74F900435B9A /* Main.storyboard in Resources */,
			);
			runOnlyForDeploymentPostprocessing = 0;
		};
/* End PBXResourcesBuildPhase section */

/* Begin PBXShellScriptBuildPhase section */
		75514EEE849A95FC21B90BE3 /* [CP] Check Pods Manifest.lock */ = {
			isa = PBXShellScriptBuildPhase;
			buildActionMask = 2147483647;
			files = (
			);
			inputPaths = (
				"${PODS_PODFILE_DIR_PATH}/Podfile.lock",
				"${PODS_ROOT}/Manifest.lock",
			);
			name = "[CP] Check Pods Manifest.lock";
			outputPaths = (
				"$(DERIVED_FILE_DIR)/Pods-OurFamily-checkManifestLockResult.txt",
			);
			runOnlyForDeploymentPostprocessing = 0;
			shellPath = /bin/sh;
			shellScript = "diff \"${PODS_PODFILE_DIR_PATH}/Podfile.lock\" \"${PODS_ROOT}/Manifest.lock\" > /dev/null\nif [ $? != 0 ] ; then\n    # print error to STDERR\n    echo \"error: The sandbox is not in sync with the Podfile.lock. Run 'pod install' or update your CocoaPods installation.\" >&2\n    exit 1\nfi\n# This output is used by Xcode 'outputs' to avoid re-running this script phase.\necho \"SUCCESS\" > \"${SCRIPT_OUTPUT_FILE_0}\"\n";
			showEnvVarsInLog = 0;
		};
/* End PBXShellScriptBuildPhase section */

/* Begin PBXSourcesBuildPhase section */
		9DBEED8E20EC74F800435B9A /* Sources */ = {
			isa = PBXSourcesBuildPhase;
			buildActionMask = 2147483647;
			files = (
				9DBEEDA520EC74FA00435B9A /* main.m in Sources */,
				9DBEED9720EC74F800435B9A /* AppDelegate.m in Sources */,
				9DBEEDB620ECC03300435B9A /* CollectionViewCell.m in Sources */,
				9DBEEDAD20EC80A700435B9A /* HomeViewController.m in Sources */,
			);
			runOnlyForDeploymentPostprocessing = 0;
		};
/* End PBXSourcesBuildPhase section */

/* Begin PBXVariantGroup section */
		9DBEED9B20EC74F900435B9A /* Main.storyboard */ = {
			isa = PBXVariantGroup;
			children = (
				9DBEED9C20EC74F900435B9A /* Base */,
			);
			name = Main.storyboard;
			sourceTree = "<group>";
		};
		9DBEEDA020EC74FA00435B9A /* LaunchScreen.storyboard */ = {
			isa = PBXVariantGroup;
			children = (
				9DBEEDA120EC74FA00435B9A /* Base */,
			);
			name = LaunchScreen.storyboard;
			sourceTree = "<group>";
		};
/* End PBXVariantGroup section */

/* Begin XCBuildConfiguration section */
		9DBEEDA620EC74FA00435B9A /* Debug */ = {
			isa = XCBuildConfiguration;
			buildSettings = {
				ALWAYS_SEARCH_USER_PATHS = NO;
				CLANG_ANALYZER_NONNULL = YES;
				CLANG_ANALYZER_NUMBER_OBJECT_CONVERSION = YES_AGGRESSIVE;
				CLANG_CXX_LANGUAGE_STANDARD = "gnu++14";
				CLANG_CXX_LIBRARY = "libc++";
				CLANG_ENABLE_MODULES = YES;
				CLANG_ENABLE_OBJC_ARC = YES;
				CLANG_ENABLE_OBJC_WEAK = YES;
				CLANG_WARN_BLOCK_CAPTURE_AUTORELEASING = YES;
				CLANG_WARN_BOOL_CONVERSION = YES;
				CLANG_WARN_COMMA = YES;
				CLANG_WARN_CONSTANT_CONVERSION = YES;
				CLANG_WARN_DEPRECATED_OBJC_IMPLEMENTATIONS = YES;
				CLANG_WARN_DIRECT_OBJC_ISA_USAGE = YES_ERROR;
				CLANG_WARN_DOCUMENTATION_COMMENTS = YES;
				CLANG_WARN_EMPTY_BODY = YES;
				CLANG_WARN_ENUM_CONVERSION = YES;
				CLANG_WARN_INFINITE_RECURSION = YES;
				CLANG_WARN_INT_CONVERSION = YES;
				CLANG_WARN_NON_LITERAL_NULL_CONVERSION = YES;
				CLANG_WARN_OBJC_IMPLICIT_RETAIN_SELF = YES;
				CLANG_WARN_OBJC_LITERAL_CONVERSION = YES;
				CLANG_WARN_OBJC_ROOT_CLASS = YES_ERROR;
				CLANG_WARN_RANGE_LOOP_ANALYSIS = YES;
				CLANG_WARN_STRICT_PROTOTYPES = YES;
				CLANG_WARN_SUSPICIOUS_MOVE = YES;
				CLANG_WARN_UNGUARDED_AVAILABILITY = YES_AGGRESSIVE;
				CLANG_WARN_UNREACHABLE_CODE = YES;
				CLANG_WARN__DUPLICATE_METHOD_MATCH = YES;
				CODE_SIGN_IDENTITY = "iPhone Developer";
				COPY_PHASE_STRIP = NO;
				DEBUG_INFORMATION_FORMAT = dwarf;
				ENABLE_STRICT_OBJC_MSGSEND = YES;
				ENABLE_TESTABILITY = YES;
				GCC_C_LANGUAGE_STANDARD = gnu11;
				GCC_DYNAMIC_NO_PIC = NO;
				GCC_NO_COMMON_BLOCKS = YES;
				GCC_OPTIMIZATION_LEVEL = 0;
				GCC_PRECOMPILE_PREFIX_HEADER = YES;
				GCC_PREFIX_HEADER = OurFamily/PrefixHeader.pch;
				GCC_PREPROCESSOR_DEFINITIONS = (
					"DEBUG=1",
					"$(inherited)",
				);
				GCC_WARN_64_TO_32_BIT_CONVERSION = YES;
				GCC_WARN_ABOUT_RETURN_TYPE = YES_ERROR;
				GCC_WARN_UNDECLARED_SELECTOR = YES;
				GCC_WARN_UNINITIALIZED_AUTOS = YES_AGGRESSIVE;
				GCC_WARN_UNUSED_FUNCTION = YES;
				GCC_WARN_UNUSED_VARIABLE = YES;
				IPHONEOS_DEPLOYMENT_TARGET = 11.4;
				MTL_ENABLE_DEBUG_INFO = YES;
				ONLY_ACTIVE_ARCH = YES;
				SDKROOT = iphoneos;
			};
			name = Debug;
		};
		9DBEEDA720EC74FA00435B9A /* Release */ = {
			isa = XCBuildConfiguration;
			buildSettings = {
				ALWAYS_SEARCH_USER_PATHS = NO;
				CLANG_ANALYZER_NONNULL = YES;
				CLANG_ANALYZER_NUMBER_OBJECT_CONVERSION = YES_AGGRESSIVE;
				CLANG_CXX_LANGUAGE_STANDARD = "gnu++14";
				CLANG_CXX_LIBRARY = "libc++";
				CLANG_ENABLE_MODULES = YES;
				CLANG_ENABLE_OBJC_ARC = YES;
				CLANG_ENABLE_OBJC_WEAK = YES;
				CLANG_WARN_BLOCK_CAPTURE_AUTORELEASING = YES;
				CLANG_WARN_BOOL_CONVERSION = YES;
				CLANG_WARN_COMMA = YES;
				CLANG_WARN_CONSTANT_CONVERSION = YES;
				CLANG_WARN_DEPRECATED_OBJC_IMPLEMENTATIONS = YES;
				CLANG_WARN_DIRECT_OBJC_ISA_USAGE = YES_ERROR;
				CLANG_WARN_DOCUMENTATION_COMMENTS = YES;
				CLANG_WARN_EMPTY_BODY = YES;
				CLANG_WARN_ENUM_CONVERSION = YES;
				CLANG_WARN_INFINITE_RECURSION = YES;
				CLANG_WARN_INT_CONVERSION = YES;
				CLANG_WARN_NON_LITERAL_NULL_CONVERSION = YES;
				CLANG_WARN_OBJC_IMPLICIT_RETAIN_SELF = YES;
				CLANG_WARN_OBJC_LITERAL_CONVERSION = YES;
				CLANG_WARN_OBJC_ROOT_CLASS = YES_ERROR;
				CLANG_WARN_RANGE_LOOP_ANALYSIS = YES;
				CLANG_WARN_STRICT_PROTOTYPES = YES;
				CLANG_WARN_SUSPICIOUS_MOVE = YES;
				CLANG_WARN_UNGUARDED_AVAILABILITY = YES_AGGRESSIVE;
				CLANG_WARN_UNREACHABLE_CODE = YES;
				CLANG_WARN__DUPLICATE_METHOD_MATCH = YES;
				CODE_SIGN_IDENTITY = "iPhone Developer";
				COPY_PHASE_STRIP = NO;
				DEBUG_INFORMATION_FORMAT = "dwarf-with-dsym";
				ENABLE_NS_ASSERTIONS = NO;
				ENABLE_STRICT_OBJC_MSGSEND = YES;
				GCC_C_LANGUAGE_STANDARD = gnu11;
				GCC_NO_COMMON_BLOCKS = YES;
				GCC_PRECOMPILE_PREFIX_HEADER = YES;
				GCC_PREFIX_HEADER = OurFamily/PrefixHeader.pch;
				GCC_WARN_64_TO_32_BIT_CONVERSION = YES;
				GCC_WARN_ABOUT_RETURN_TYPE = YES_ERROR;
				GCC_WARN_UNDECLARED_SELECTOR = YES;
				GCC_WARN_UNINITIALIZED_AUTOS = YES_AGGRESSIVE;
				GCC_WARN_UNUSED_FUNCTION = YES;
				GCC_WARN_UNUSED_VARIABLE = YES;
				IPHONEOS_DEPLOYMENT_TARGET = 11.4;
				MTL_ENABLE_DEBUG_INFO = NO;
				SDKROOT = iphoneos;
				VALIDATE_PRODUCT = YES;
			};
			name = Release;
		};
		9DBEEDA920EC74FA00435B9A /* Debug */ = {
			isa = XCBuildConfiguration;
			baseConfigurationReference = 87AB4C81FFDF95B3C6366698 /* Pods-OurFamily.debug.xcconfig */;
			buildSettings = {
				ASSETCATALOG_COMPILER_APPICON_NAME = AppIcon;
				CODE_SIGN_STYLE = Automatic;
				DEVELOPMENT_TEAM = UFKU3W6G9X;
				GCC_INCREASE_PRECOMPILED_HEADER_SHARING = NO;
				GCC_PREFIX_HEADER = OurFamily/Config/PrefixHeader.pch;
				INFOPLIST_FILE = OurFamily/Info.plist;
				LD_RUNPATH_SEARCH_PATHS = (
					"$(inherited)",
					"@executable_path/Frameworks",
				);
				PRODUCT_BUNDLE_IDENTIFIER = ShireSteed.OurFamily;
				PRODUCT_NAME = "$(TARGET_NAME)";
				TARGETED_DEVICE_FAMILY = "1,2";
			};
			name = Debug;
		};
		9DBEEDAA20EC74FA00435B9A /* Release */ = {
			isa = XCBuildConfiguration;
			baseConfigurationReference = E1C5763F8833FCB3CA3A09DA /* Pods-OurFamily.release.xcconfig */;
			buildSettings = {
				ASSETCATALOG_COMPILER_APPICON_NAME = AppIcon;
				CODE_SIGN_STYLE = Automatic;
				DEVELOPMENT_TEAM = UFKU3W6G9X;
				GCC_INCREASE_PRECOMPILED_HEADER_SHARING = NO;
				GCC_PREFIX_HEADER = OurFamily/Config/PrefixHeader.pch;
				INFOPLIST_FILE = OurFamily/Info.plist;
				LD_RUNPATH_SEARCH_PATHS = (
					"$(inherited)",
					"@executable_path/Frameworks",
				);
				PRODUCT_BUNDLE_IDENTIFIER = ShireSteed.OurFamily;
				PRODUCT_NAME = "$(TARGET_NAME)";
				TARGETED_DEVICE_FAMILY = "1,2";
			};
			name = Release;
		};
/* End XCBuildConfiguration section */

/* Begin XCConfigurationList section */
		9DBEED8D20EC74F800435B9A /* Build configuration list for PBXProject "OurFamily" */ = {
			isa = XCConfigurationList;
			buildConfigurations = (
				9DBEEDA620EC74FA00435B9A /* Debug */,
				9DBEEDA720EC74FA00435B9A /* Release */,
			);
			defaultConfigurationIsVisible = 0;
			defaultConfigurationName = Release;
		};
		9DBEEDA820EC74FA00435B9A /* Build configuration list for PBXNativeTarget "OurFamily" */ = {
			isa = XCConfigurationList;
			buildConfigurations = (
				9DBEEDA920EC74FA00435B9A /* Debug */,
				9DBEEDAA20EC74FA00435B9A /* Release */,
			);
			defaultConfigurationIsVisible = 0;
			defaultConfigurationName = Release;
		};
/* End XCConfigurationList section */
	};
	rootObject = 9DBEED8A20EC74F800435B9A /* Project object */;
}
